
Microsoft Visual Studio Solution File, Format Version 12.00
# Visual Studio Version 17
VisualStudioVersion = 17.5.002.0
MinimumVisualStudioVersion = 10.0.40219.1
Project("{9A19103F-16F7-4668-BE54-9A1E7A4F7556}") = "MauiAppMinhasCompras", "MauiAppMinhasCompras.csproj", "{3FFE53EB-4CBB-4E75-AA41-146923E8D22D}"
EndProject
Global
	GlobalSection(SolutionConfigurationPlatforms) = preSolution
		Debug|Any CPU = Debug|Any CPU
		Release|Any CPU = Release|Any CPU
	EndGlobalSection
	GlobalSection(ProjectConfigurationPlatforms) = postSolution
		{3FFE53EB-4CBB-4E75-AA41-146923E8D22D}.Debug|Any CPU.ActiveCfg = Debug|Any CPU
		{3FFE53EB-4CBB-4E75-AA41-146923E8D22D}.Debug|Any CPU.Build.0 = Debug|Any CPU
		{3FFE53EB-4CBB-4E75-AA41-146923E8D22D}.Release|Any CPU.ActiveCfg = Release|Any CPU
		{3FFE53EB-4CBB-4E75-AA41-146923E8D22D}.Release|Any CPU.Build.0 = Release|Any CPU
	EndGlobalSection
	GlobalSection(SolutionProperties) = preSolution
		HideSolutionNode = FALSE
	EndGlobalSection
	GlobalSection(ExtensibilityGlobals) = postSolution
		SolutionGuid = {337064DF-10B9-42FB-9440-EC6598981442}
	EndGlobalSection
EndGlobal
